// !$*UTF8*$!
{
	archiveVersion = 1;
	classes = {
	};
	objectVersion = 50;
	objects = {

/* Begin PBXBuildFile section */
		50E057F12463AF430069E14D /* Toast.swift in Sources */ = {isa = PBXBuildFile; fileRef = 50E057E22463AF430069E14D /* Toast.swift */; };
		50E057F22463AF430069E14D /* AppDelegate.swift in Sources */ = {isa = PBXBuildFile; fileRef = 50E057E42463AF430069E14D /* AppDelegate.swift */; };
		50E057F32463AF430069E14D /* SceneDelegate.swift in Sources */ = {isa = PBXBuildFile; fileRef = 50E057E52463AF430069E14D /* SceneDelegate.swift */; };
		50E057F42463AF430069E14D /* ViewController.swift in Sources */ = {isa = PBXBuildFile; fileRef = 50E057E82463AF430069E14D /* ViewController.swift */; };
		50E057F52463AF430069E14D /* Main.storyboard in Resources */ = {isa = PBXBuildFile; fileRef = 50E057E92463AF430069E14D /* Main.storyboard */; };
		50E057F62463AF430069E14D /* README.md in Resources */ = {isa = PBXBuildFile; fileRef = 50E057EB2463AF430069E14D /* README.md */; };
		50E057F72463AF430069E14D /* Assets.xcassets in Resources */ = {isa = PBXBuildFile; fileRef = 50E057ED2463AF430069E14D /* Assets.xcassets */; };
		50E057F82463AF430069E14D /* LaunchScreen.storyboard in Resources */ = {isa = PBXBuildFile; fileRef = 50E057EE2463AF430069E14D /* LaunchScreen.storyboard */; };
		50E058002463AF970069E14D /* AutoComplete.storyboard in Resources */ = {isa = PBXBuildFile; fileRef = 50E057FD2463AF970069E14D /* AutoComplete.storyboard */; };
		50E058012463AF970069E14D /* AutoCompleteViewController.swift in Sources */ = {isa = PBXBuildFile; fileRef = 50E057FF2463AF970069E14D /* AutoCompleteViewController.swift */; };
		50E058032463AFF10069E14D /* LocationCell.swift in Sources */ = {isa = PBXBuildFile; fileRef = 50E058022463AFF10069E14D /* LocationCell.swift */; };
		50E058052463B02E0069E14D /* Constants.swift in Sources */ = {isa = PBXBuildFile; fileRef = 50E058042463B02E0069E14D /* Constants.swift */; };
		50E058072463B2540069E14D /* Router.swift in Sources */ = {isa = PBXBuildFile; fileRef = 50E058062463B2540069E14D /* Router.swift */; };
/* End PBXBuildFile section */

/* Begin PBXFileReference section */
		50E057BA2463AE890069E14D /* Auto Complete Location.app */ = {isa = PBXFileReference; explicitFileType = wrapper.application; includeInIndex = 0; path = "Auto Complete Location.app"; sourceTree = BUILT_PRODUCTS_DIR; };
		50E057CB2463AE8F0069E14D /* Info.plist */ = {isa = PBXFileReference; lastKnownFileType = text.plist.xml; path = Info.plist; sourceTree = "<group>"; };
		50E057E22463AF430069E14D /* Toast.swift */ = {isa = PBXFileReference; fileEncoding = 4; lastKnownFileType = sourcecode.swift; path = Toast.swift; sourceTree = "<group>"; };
		50E057E42463AF430069E14D /* AppDelegate.swift */ = {isa = PBXFileReference; fileEncoding = 4; lastKnownFileType = sourcecode.swift; path = AppDelegate.swift; sourceTree = "<group>"; };
		50E057E52463AF430069E14D /* SceneDelegate.swift */ = {isa = PBXFileReference; fileEncoding = 4; lastKnownFileType = sourcecode.swift; path = SceneDelegate.swift; sourceTree = "<group>"; };
		50E057E82463AF430069E14D /* ViewController.swift */ = {isa = PBXFileReference; fileEncoding = 4; lastKnownFileType = sourcecode.swift; path = ViewController.swift; sourceTree = "<group>"; };
		50E057EA2463AF430069E14D /* Base */ = {isa = PBXFileReference; lastKnownFileType = file.storyboard; name = Base; path = Base.lproj/Main.storyboard; sourceTree = "<group>"; };
		50E057EB2463AF430069E14D /* README.md */ = {isa = PBXFileReference; fileEncoding = 4; lastKnownFileType = net.daringfireball.markdown; path = README.md; sourceTree = "<group>"; };
		50E057ED2463AF430069E14D /* Assets.xcassets */ = {isa = PBXFileReference; lastKnownFileType = folder.assetcatalog; path = Assets.xcassets; sourceTree = "<group>"; };
		50E057EF2463AF430069E14D /* Base */ = {isa = PBXFileReference; lastKnownFileType = file.storyboard; name = Base; path = Base.lproj/LaunchScreen.storyboard; sourceTree = "<group>"; };
		50E057FD2463AF970069E14D /* AutoComplete.storyboard */ = {isa = PBXFileReference; fileEncoding = 4; lastKnownFileType = file.storyboard; path = AutoComplete.storyboard; sourceTree = "<group>"; };
		50E057FF2463AF970069E14D /* AutoCompleteViewController.swift */ = {isa = PBXFileReference; fileEncoding = 4; lastKnownFileType = sourcecode.swift; path = AutoCompleteViewController.swift; sourceTree = "<group>"; };
		50E058022463AFF10069E14D /* LocationCell.swift */ = {isa = PBXFileReference; lastKnownFileType = sourcecode.swift; path = LocationCell.swift; sourceTree = "<group>"; };
		50E058042463B02E0069E14D /* Constants.swift */ = {isa = PBXFileReference; lastKnownFileType = sourcecode.swift; path = Constants.swift; sourceTree = "<group>"; };
		50E058062463B2540069E14D /* Router.swift */ = {isa = PBXFileReference; lastKnownFileType = sourcecode.swift; path = Router.swift; sourceTree = "<group>"; };
/* End PBXFileReference section */

/* Begin PBXFrameworksBuildPhase section */
		50E057B72463AE890069E14D /* Frameworks */ = {
			isa = PBXFrameworksBuildPhase;
			buildActionMask = 2147483647;
			files = (
			);
			runOnlyForDeploymentPostprocessing = 0;
		};
/* End PBXFrameworksBuildPhase section */

/* Begin PBXGroup section */
		50E057B12463AE890069E14D = {
			isa = PBXGroup;
			children = (
				50E057BC2463AE890069E14D /* Auto Complete Location */,
				50E057BB2463AE890069E14D /* Products */,
			);
			sourceTree = "<group>";
		};
		50E057BB2463AE890069E14D /* Products */ = {
			isa = PBXGroup;
			children = (
				50E057BA2463AE890069E14D /* Auto Complete Location.app */,
			);
			name = Products;
			sourceTree = "<group>";
		};
		50E057BC2463AE890069E14D /* Auto Complete Location */ = {
			isa = PBXGroup;
			children = (
				50E057E32463AF430069E14D /* Delegates */,
				50E057DF2463AF420069E14D /* Handler */,
				50E057E12463AF430069E14D /* Helpers */,
				50E057EB2463AF430069E14D /* README.md */,
				50E057EC2463AF430069E14D /* Resources */,
				50E057E62463AF430069E14D /* Screenshots */,
				50E057E72463AF430069E14D /* View Controller */,
				50E057CB2463AE8F0069E14D /* Info.plist */,
				50E058042463B02E0069E14D /* Constants.swift */,
			);
			path = "Auto Complete Location";
			sourceTree = "<group>";
		};
		50E057DF2463AF420069E14D /* Handler */ = {
			isa = PBXGroup;
			children = (
				50E057FB2463AF970069E14D /* AutoComplete */,
			);
			path = Handler;
			sourceTree = "<group>";
		};
		50E057E12463AF430069E14D /* Helpers */ = {
			isa = PBXGroup;
			children = (
				50E057E22463AF430069E14D /* Toast.swift */,
				50E058062463B2540069E14D /* Router.swift */,
			);
			path = Helpers;
			sourceTree = "<group>";
		};
		50E057E32463AF430069E14D /* Delegates */ = {
			isa = PBXGroup;
			children = (
				50E057E42463AF430069E14D /* AppDelegate.swift */,
				50E057E52463AF430069E14D /* SceneDelegate.swift */,
			);
			path = Delegates;
			sourceTree = "<group>";
		};
		50E057E62463AF430069E14D /* Screenshots */ = {
			isa = PBXGroup;
			children = (
			);
			path = Screenshots;
			sourceTree = "<group>";
		};
		50E057E72463AF430069E14D /* View Controller */ = {
			isa = PBXGroup;
			children = (
				50E057E82463AF430069E14D /* ViewController.swift */,
				50E057E92463AF430069E14D /* Main.storyboard */,
			);
			path = "View Controller";
			sourceTree = "<group>";
		};
		50E057EC2463AF430069E14D /* Resources */ = {
			isa = PBXGroup;
			children = (
				50E057ED2463AF430069E14D /* Assets.xcassets */,
				50E057EE2463AF430069E14D /* LaunchScreen.storyboard */,
			);
			path = Resources;
			sourceTree = "<group>";
		};
		50E057FB2463AF970069E14D /* AutoComplete */ = {
			isa = PBXGroup;
			children = (
				50E057FC2463AF970069E14D /* View */,
				50E057FE2463AF970069E14D /* ViewController */,
				50E058022463AFF10069E14D /* LocationCell.swift */,
			);
			path = AutoComplete;
			sourceTree = "<group>";
		};
		50E057FC2463AF970069E14D /* View */ = {
			isa = PBXGroup;
			children = (
				50E057FD2463AF970069E14D /* AutoComplete.storyboard */,
			);
			path = View;
			sourceTree = "<group>";
		};
		50E057FE2463AF970069E14D /* ViewController */ = {
			isa = PBXGroup;
			children = (
				50E057FF2463AF970069E14D /* AutoCompleteViewController.swift */,
			);
			path = ViewController;
			sourceTree = "<group>";
		};
/* End PBXGroup section */

/* Begin PBXNativeTarget section */
		50E057B92463AE890069E14D /* Auto Complete Location */ = {
			isa = PBXNativeTarget;
			buildConfigurationList = 50E057CE2463AE8F0069E14D /* Build configuration list for PBXNativeTarget "Auto Complete Location" */;
			buildPhases = (
				50E057B62463AE890069E14D /* Sources */,
				50E057B72463AE890069E14D /* Frameworks */,
				50E057B82463AE890069E14D /* Resources */,
			);
			buildRules = (
			);
			dependencies = (
			);
			name = "Auto Complete Location";
			productName = "Auto Complete Location";
			productReference = 50E057BA2463AE890069E14D /* Auto Complete Location.app */;
			productType = "com.apple.product-type.application";
		};
/* End PBXNativeTarget section */

/* Begin PBXProject section */
		50E057B22463AE890069E14D /* Project object */ = {
			isa = PBXProject;
			attributes = {
				LastSwiftUpdateCheck = 1130;
				LastUpgradeCheck = 1130;
				ORGANIZATIONNAME = vijay;
				TargetAttributes = {
					50E057B92463AE890069E14D = {
						CreatedOnToolsVersion = 11.3.1;
					};
				};
			};
			buildConfigurationList = 50E057B52463AE890069E14D /* Build configuration list for PBXProject "Auto Complete Location" */;
			compatibilityVersion = "Xcode 9.3";
			developmentRegion = en;
			hasScannedForEncodings = 0;
			knownRegions = (
				en,
				Base,
			);
			mainGroup = 50E057B12463AE890069E14D;
			productRefGroup = 50E057BB2463AE890069E14D /* Products */;
			projectDirPath = "";
			projectRoot = "";
			targets = (
				50E057B92463AE890069E14D /* Auto Complete Location */,
			);
		};
/* End PBXProject section */

/* Begin PBXResourcesBuildPhase section */
		50E057B82463AE890069E14D /* Resources */ = {
			isa = PBXResourcesBuildPhase;
			buildActionMask = 2147483647;
			files = (
				50E057F62463AF430069E14D /* README.md in Resources */,
				50E057F82463AF430069E14D /* LaunchScreen.storyboard in Resources */,
				50E058002463AF970069E14D /* AutoComplete.storyboard in Resources */,
				50E057F72463AF430069E14D /* Assets.xcassets in Resources */,
				50E057F52463AF430069E14D /* Main.storyboard in Resources */,
			);
			runOnlyForDeploymentPostprocessing = 0;
		};
/* End PBXResourcesBuildPhase section */

/* Begin PBXSourcesBuildPhase section */
		50E057B62463AE890069E14D /* Sources */ = {
			isa = PBXSourcesBuildPhase;
			buildActionMask = 2147483647;
			files = (
				50E058072463B2540069E14D /* Router.swift in Sources */,
				50E058032463AFF10069E14D /* LocationCell.swift in Sources */,
				50E057F42463AF430069E14D /* ViewController.swift in Sources */,
				50E057F22463AF430069E14D /* AppDelegate.swift in Sources */,
				50E057F12463AF430069E14D /* Toast.swift in Sources */,
				50E058052463B02E0069E14D /* Constants.swift in Sources */,
				50E057F32463AF430069E14D /* SceneDelegate.swift in Sources */,
				50E058012463AF970069E14D /* AutoCompleteViewController.swift in Sources */,
			);
			runOnlyForDeploymentPostprocessing = 0;
		};
/* End PBXSourcesBuildPhase section */

/* Begin PBXVariantGroup section */
		50E057E92463AF430069E14D /* Main.storyboard */ = {
			isa = PBXVariantGroup;
			children = (
				50E057EA2463AF430069E14D /* Base */,
			);
			name = Main.storyboard;
			sourceTree = "<group>";
		};
		50E057EE2463AF430069E14D /* LaunchScreen.storyboard */ = {
			isa = PBXVariantGroup;
			children = (
				50E057EF2463AF430069E14D /* Base */,
			);
			name = LaunchScreen.storyboard;
			sourceTree = "<group>";
		};
/* End PBXVariantGroup section */

/* Begin XCBuildConfiguration section */
		50E057CC2463AE8F0069E14D /* Debug */ = {
			isa = XCBuildConfiguration;
			buildSettings = {
				ALWAYS_SEARCH_USER_PATHS = NO;
				CLANG_ANALYZER_NONNULL = YES;
				CLANG_ANALYZER_NUMBER_OBJECT_CONVERSION = YES_AGGRESSIVE;
				CLANG_CXX_LANGUAGE_STANDARD = "gnu++14";
				CLANG_CXX_LIBRARY = "libc++";
				CLANG_ENABLE_MODULES = YES;
				CLANG_ENABLE_OBJC_ARC = YES;
				CLANG_ENABLE_OBJC_WEAK = YES;
				CLANG_WARN_BLOCK_CAPTURE_AUTORELEASING = YES;
				CLANG_WARN_BOOL_CONVERSION = YES;
				CLANG_WARN_COMMA = YES;
				CLANG_WARN_CONSTANT_CONVERSION = YES;
				CLANG_WARN_DEPRECATED_OBJC_IMPLEMENTATIONS = YES;
				CLANG_WARN_DIRECT_OBJC_ISA_USAGE = YES_ERROR;
				CLANG_WARN_DOCUMENTATION_COMMENTS = YES;
				CLANG_WARN_EMPTY_BODY = YES;
				CLANG_WARN_ENUM_CONVERSION = YES;
				CLANG_WARN_INFINITE_RECURSION = YES;
				CLANG_WARN_INT_CONVERSION = YES;
				CLANG_WARN_NON_LITERAL_NULL_CONVERSION = YES;
				CLANG_WARN_OBJC_IMPLICIT_RETAIN_SELF = YES;
				CLANG_WARN_OBJC_LITERAL_CONVERSION = YES;
				CLANG_WARN_OBJC_ROOT_CLASS = YES_ERROR;
				CLANG_WARN_RANGE_LOOP_ANALYSIS = YES;
				CLANG_WARN_STRICT_PROTOTYPES = YES;
				CLANG_WARN_SUSPICIOUS_MOVE = YES;
				CLANG_WARN_UNGUARDED_AVAILABILITY = YES_AGGRESSIVE;
				CLANG_WARN_UNREACHABLE_CODE = YES;
				CLANG_WARN__DUPLICATE_METHOD_MATCH = YES;
				COPY_PHASE_STRIP = NO;
				DEBUG_INFORMATION_FORMAT = dwarf;
				ENABLE_STRICT_OBJC_MSGSEND = YES;
				ENABLE_TESTABILITY = YES;
				GCC_C_LANGUAGE_STANDARD = gnu11;
				GCC_DYNAMIC_NO_PIC = NO;
				GCC_NO_COMMON_BLOCKS = YES;
				GCC_OPTIMIZATION_LEVEL = 0;
				GCC_PREPROCESSOR_DEFINITIONS = (
					"DEBUG=1",
					"$(inherited)",
				);
				GCC_WARN_64_TO_32_BIT_CONVERSION = YES;
				GCC_WARN_ABOUT_RETURN_TYPE = YES_ERROR;
				GCC_WARN_UNDECLARED_SELECTOR = YES;
				GCC_WARN_UNINITIALIZED_AUTOS = YES_AGGRESSIVE;
				GCC_WARN_UNUSED_FUNCTION = YES;
				GCC_WARN_UNUSED_VARIABLE = YES;
				IPHONEOS_DEPLOYMENT_TARGET = 13.2;
				MTL_ENABLE_DEBUG_INFO = INCLUDE_SOURCE;
				MTL_FAST_MATH = YES;
				ONLY_ACTIVE_ARCH = YES;
				SDKROOT = iphoneos;
				SWIFT_ACTIVE_COMPILATION_CONDITIONS = DEBUG;
				SWIFT_OPTIMIZATION_LEVEL = "-Onone";
			};
			name = Debug;
		};
		50E057CD2463AE8F0069E14D /* Release */ = {
			isa = XCBuildConfiguration;
			buildSettings = {
				ALWAYS_SEARCH_USER_PATHS = NO;
				CLANG_ANALYZER_NONNULL = YES;
				CLANG_ANALYZER_NUMBER_OBJECT_CONVERSION = YES_AGGRESSIVE;
				CLANG_CXX_LANGUAGE_STANDARD = "gnu++14";
				CLANG_CXX_LIBRARY = "libc++";
				CLANG_ENABLE_MODULES = YES;
				CLANG_ENABLE_OBJC_ARC = YES;
				CLANG_ENABLE_OBJC_WEAK = YES;
				CLANG_WARN_BLOCK_CAPTURE_AUTORELEASING = YES;
				CLANG_WARN_BOOL_CONVERSION = YES;
				CLANG_WARN_COMMA = YES;
				CLANG_WARN_CONSTANT_CONVERSION = YES;
				CLANG_WARN_DEPRECATED_OBJC_IMPLEMENTATIONS = YES;
				CLANG_WARN_DIRECT_OBJC_ISA_USAGE = YES_ERROR;
				CLANG_WARN_DOCUMENTATION_COMMENTS = YES;
				CLANG_WARN_EMPTY_BODY = YES;
				CLANG_WARN_ENUM_CONVERSION = YES;
				CLANG_WARN_INFINITE_RECURSION = YES;
				CLANG_WARN_INT_CONVERSION = YES;
				CLANG_WARN_NON_LITERAL_NULL_CONVERSION = YES;
				CLANG_WARN_OBJC_IMPLICIT_RETAIN_SELF = YES;
				CLANG_WARN_OBJC_LITERAL_CONVERSION = YES;
				CLANG_WARN_OBJC_ROOT_CLASS = YES_ERROR;
				CLANG_WARN_RANGE_LOOP_ANALYSIS = YES;
				CLANG_WARN_STRICT_PROTOTYPES = YES;
				CLANG_WARN_SUSPICIOUS_MOVE = YES;
				CLANG_WARN_UNGUARDED_AVAILABILITY = YES_AGGRESSIVE;
				CLANG_WARN_UNREACHABLE_CODE = YES;
				CLANG_WARN__DUPLICATE_METHOD_MATCH = YES;
				COPY_PHASE_STRIP = NO;
				DEBUG_INFORMATION_FORMAT = "dwarf-with-dsym";
				ENABLE_NS_ASSERTIONS = NO;
				ENABLE_STRICT_OBJC_MSGSEND = YES;
				GCC_C_LANGUAGE_STANDARD = gnu11;
				GCC_NO_COMMON_BLOCKS = YES;
				GCC_WARN_64_TO_32_BIT_CONVERSION = YES;
				GCC_WARN_ABOUT_RETURN_TYPE = YES_ERROR;
				GCC_WARN_UNDECLARED_SELECTOR = YES;
				GCC_WARN_UNINITIALIZED_AUTOS = YES_AGGRESSIVE;
				GCC_WARN_UNUSED_FUNCTION = YES;
				GCC_WARN_UNUSED_VARIABLE = YES;
				IPHONEOS_DEPLOYMENT_TARGET = 13.2;
				MTL_ENABLE_DEBUG_INFO = NO;
				MTL_FAST_MATH = YES;
				SDKROOT = iphoneos;
				SWIFT_COMPILATION_MODE = wholemodule;
				SWIFT_OPTIMIZATION_LEVEL = "-O";
				VALIDATE_PRODUCT = YES;
			};
			name = Release;
		};
		50E057CF2463AE8F0069E14D /* Debug */ = {
			isa = XCBuildConfiguration;
			buildSettings = {
				ASSETCATALOG_COMPILER_APPICON_NAME = AppIcon;
				CODE_SIGN_STYLE = Automatic;
				DEVELOPMENT_TEAM = 7XG9VTZMR8;
				INFOPLIST_FILE = "Auto Complete Location/Info.plist";
				LD_RUNPATH_SEARCH_PATHS = (
					"$(inherited)",
					"@executable_path/Frameworks",
				);
				PRODUCT_BUNDLE_IDENTIFIER = "com.vijay.Auto-Complete-Location";
				PRODUCT_NAME = "$(TARGET_NAME)";
				SWIFT_VERSION = 5.0;
				TARGETED_DEVICE_FAMILY = "1,2";
			};
			name = Debug;
		};
		50E057D02463AE8F0069E14D /* Release */ = {
			isa = XCBuildConfiguration;
			buildSettings = {
				ASSETCATALOG_COMPILER_APPICON_NAME = AppIcon;
				CODE_SIGN_STYLE = Automatic;
				DEVELOPMENT_TEAM = 7XG9VTZMR8;
				INFOPLIST_FILE = "Auto Complete Location/Info.plist";
				LD_RUNPATH_SEARCH_PATHS = (
					"$(inherited)",
					"@executable_path/Frameworks",
				);
				PRODUCT_BUNDLE_IDENTIFIER = "com.vijay.Auto-Complete-Location";
				PRODUCT_NAME = "$(TARGET_NAME)";
				SWIFT_VERSION = 5.0;
				TARGETED_DEVICE_FAMILY = "1,2";
			};
			name = Release;
		};
/* End XCBuildConfiguration section */

/* Begin XCConfigurationList section */
		50E057B52463AE890069E14D /* Build configuration list for PBXProject "Auto Complete Location" */ = {
			isa = XCConfigurationList;
			buildConfigurations = (
				50E057CC2463AE8F0069E14D /* Debug */,
				50E057CD2463AE8F0069E14D /* Release */,
			);
			defaultConfigurationIsVisible = 0;
			defaultConfigurationName = Release;
		};
		50E057CE2463AE8F0069E14D /* Build configuration list for PBXNativeTarget "Auto Complete Location" */ = {
			isa = XCConfigurationList;
			buildConfigurations = (
				50E057CF2463AE8F0069E14D /* Debug */,
				50E057D02463AE8F0069E14D /* Release */,
			);
			defaultConfigurationIsVisible = 0;
			defaultConfigurationName = Release;
		};
/* End XCConfigurationList section */
	};
	rootObject = 50E057B22463AE890069E14D /* Project object */;
}
